
Microsoft Visual Studio Solution File, Format Version 12.00
Project("{2150E333-8FDC-42A3-9474-1A3956D46DE8}") = "Src", "Src", "{B71F8BC2-71ED-40A1-97C5-6C502DCB1DDF}"
EndProject
Project("{2150E333-8FDC-42A3-9474-1A3956D46DE8}") = "Documents", "Documents", "{0A7BFFB9-EE87-4C82-9EEF-A6233EF223CC}"
EndProject
Project("{2150E333-8FDC-42A3-9474-1A3956D46DE8}") = "Technical", "Technical", "{F84C930F-ECF2-48BB-BF79-8784C79BF9A0}"
ProjectSection(SolutionItems) = preProject
	Documents\Technical\API response helpers.md = Documents\Technical\API response helpers.md
	Documents\Technical\EF Migration Commands.md = Documents\Technical\EF Migration Commands.md
	Documents\Technical\Start_With_Dockerfile.md = Documents\Technical\Start_With_Dockerfile.md
	Documents\Technical\Start_Without_Dockerfile.md = Documents\Technical\Start_Without_Dockerfile.md
EndProjectSection
EndProject
Project("{2150E333-8FDC-42A3-9474-1A3956D46DE8}") = "Ubiquitous Language", "Ubiquitous Language", "{6C8E1121-657A-4A6E-BE93-830E8D7CE104}"
ProjectSection(SolutionItems) = preProject
	Documents\Ubiquitous Language\Definitions.md = Documents\Ubiquitous Language\Definitions.md
	Documents\Ubiquitous Language\Value Objects.md = Documents\Ubiquitous Language\Value Objects.md
EndProjectSection
EndProject
Project("{2150E333-8FDC-42A3-9474-1A3956D46DE8}") = "Containers", "Containers", "{6E0B19D7-597C-486B-8709-6260F3EA0856}"
EndProject
Project("{2150E333-8FDC-42A3-9474-1A3956D46DE8}") = "services", "services", "{269B7D49-9271-44D3-819E-0638F974B5AF}"
EndProject
Project("{2150E333-8FDC-42A3-9474-1A3956D46DE8}") = "elk", "elk", "{46F98E75-AD4F-49E0-9EAC-6B25200708FB}"
EndProject
Project("{2150E333-8FDC-42A3-9474-1A3956D46DE8}") = "mongodb", "mongodb", "{D42233BE-70EA-45F4-98A0-D80356401BFA}"
	ProjectSection(SolutionItems) = preProject
		Containers\services\mongodb\Dockerfile = Containers\services\mongodb\Dockerfile
	EndProjectSection
EndProject
Project("{2150E333-8FDC-42A3-9474-1A3956D46DE8}") = "mysql", "mysql", "{FA68FB3F-C8CA-469B-B139-B1DD342C4716}"
	ProjectSection(SolutionItems) = preProject
		Containers\services\mysql\Dockerfile = Containers\services\mysql\Dockerfile
	EndProjectSection
EndProject
Project("{2150E333-8FDC-42A3-9474-1A3956D46DE8}") = "postgresql", "postgresql", "{6D70CF9D-2C2F-45A0-A47F-CBA9A2A76424}"
	ProjectSection(SolutionItems) = preProject
		Containers\services\postgresql\Dockerfile = Containers\services\postgresql\Dockerfile
	EndProjectSection
EndProject
Project("{2150E333-8FDC-42A3-9474-1A3956D46DE8}") = "rabbitmq", "rabbitmq", "{42D86A03-4419-4CF4-A622-98C93ADCF7A6}"
	ProjectSection(SolutionItems) = preProject
		Containers\services\rabbitmq\Dockerfile = Containers\services\rabbitmq\Dockerfile
	EndProjectSection
EndProject
Project("{2150E333-8FDC-42A3-9474-1A3956D46DE8}") = "redis", "redis", "{4C6C0210-389E-43C6-9918-BDA27663A21B}"
	ProjectSection(SolutionItems) = preProject
		Containers\services\redis\Dockerfile = Containers\services\redis\Dockerfile
	EndProjectSection
EndProject
Project("{2150E333-8FDC-42A3-9474-1A3956D46DE8}") = "config", "config", "{B5FC8049-B590-415F-846D-37C63C384666}"
	ProjectSection(SolutionItems) = preProject
		Containers\services\rabbitmq\config\advanced.config = Containers\services\rabbitmq\config\advanced.config
		Containers\services\rabbitmq\config\rabbitmq.conf = Containers\services\rabbitmq\config\rabbitmq.conf
	EndProjectSection
EndProject
Project("{2150E333-8FDC-42A3-9474-1A3956D46DE8}") = "elasticsearch", "elasticsearch", "{81841855-6855-4110-8285-C7CDE7756637}"
ProjectSection(SolutionItems) = preProject
	Containers\services\elk\elasticsearch\Dockerfile = Containers\services\elk\elasticsearch\Dockerfile
EndProjectSection
EndProject
Project("{2150E333-8FDC-42A3-9474-1A3956D46DE8}") = "kibana", "kibana", "{97F9CCCC-0F9B-44F7-B7AF-3F194F68EE13}"
	ProjectSection(SolutionItems) = preProject
		Containers\services\elk\kibana\Dockerfile = Containers\services\elk\kibana\Dockerfile
	EndProjectSection
EndProject
Project("{2150E333-8FDC-42A3-9474-1A3956D46DE8}") = "logstash", "logstash", "{FCC52A67-E583-4938-B2FF-83A0ED54D1E0}"
	ProjectSection(SolutionItems) = preProject
		Containers\services\elk\logstash\Dockerfile = Containers\services\elk\logstash\Dockerfile
	EndProjectSection
EndProject
Project("{2150E333-8FDC-42A3-9474-1A3956D46DE8}") = "EventStorming", "EventStorming", "{94FA0904-C268-42DC-B202-2FC11DAAF581}"
EndProject
Project("{2150E333-8FDC-42A3-9474-1A3956D46DE8}") = "sqlserver", "sqlserver", "{B3E08213-63FD-4EA6-ABB1-F663AE491BA9}"
	ProjectSection(SolutionItems) = preProject
		Containers\services\sqlserver\Dockerfile = Containers\services\sqlserver\Dockerfile
	EndProjectSection
EndProject
Project("{2150E333-8FDC-42A3-9474-1A3956D46DE8}") = "config", "config", "{23BAAC9B-E6AD-4467-B23F-1CAAA7CBDDDD}"
	ProjectSection(SolutionItems) = preProject
		Containers\services\elk\logstash\config\log4j2.properties = Containers\services\elk\logstash\config\log4j2.properties
		Containers\services\elk\logstash\config\logstash-full.yml = Containers\services\elk\logstash\config\logstash-full.yml
		Containers\services\elk\logstash\config\logstash-oss.yml = Containers\services\elk\logstash\config\logstash-oss.yml
		Containers\services\elk\logstash\config\pipelines.yml = Containers\services\elk\logstash\config\pipelines.yml
	EndProjectSection
EndProject
Project("{2150E333-8FDC-42A3-9474-1A3956D46DE8}") = "pipeline", "pipeline", "{1FBABF07-4B7E-4AA2-8506-23BDE6306B0D}"
	ProjectSection(SolutionItems) = preProject
		Containers\services\elk\logstash\pipeline\default.conf = Containers\services\elk\logstash\pipeline\default.conf
	EndProjectSection
EndProject
Project("{2150E333-8FDC-42A3-9474-1A3956D46DE8}") = "Application", "Application", "{9D143114-F9FA-4AF0-83EB-96747F1AF28B}"
EndProject
Project("{2150E333-8FDC-42A3-9474-1A3956D46DE8}") = "Infrastructure", "Infrastructure", "{65B8F149-39F3-43B6-8E68-87D3187A5796}"
EndProject
Project("{2150E333-8FDC-42A3-9474-1A3956D46DE8}") = "Domain", "Domain", "{CA5AA232-E93E-4C67-BF54-836229B8A3DC}"
EndProject
Project("{2150E333-8FDC-42A3-9474-1A3956D46DE8}") = "Presentation", "Presentation", "{F418C140-ECF3-453D-A60A-94388F6CCE7F}"
EndProject
Project("{FAE04EC0-301F-11D3-BF4B-00C04F79EFBC}") = "Commands", "Src\Application\Commands\Commands.csproj", "{C0C980E5-199C-4836-B4D4-1D0E09649FC4}"
EndProject
Project("{FAE04EC0-301F-11D3-BF4B-00C04F79EFBC}") = "Queries", "Src\Application\Queries\Queries.csproj", "{CCAD5F84-1CDF-4E8E-9AFC-0BEB3D048931}"
EndProject
Project("{FAE04EC0-301F-11D3-BF4B-00C04F79EFBC}") = "Application", "Src\Domain\Application\Application.csproj", "{68CBA748-7D9D-4345-9C74-51B595B3F59D}"
EndProject
Project("{FAE04EC0-301F-11D3-BF4B-00C04F79EFBC}") = "Framework", "Src\Domain\Framework\Framework.csproj", "{5E00B6A7-9D2A-49AA-9716-B23BBC9CB6C2}"
EndProject
Project("{FAE04EC0-301F-11D3-BF4B-00C04F79EFBC}") = "Models", "Src\Domain\Models\Models.csproj", "{80957159-A640-4479-8F97-797450B5C969}"
EndProject
Project("{FAE04EC0-301F-11D3-BF4B-00C04F79EFBC}") = "ExternalServices", "Src\Domain\ExternalServices\ExternalServices.csproj", "{70ECDA44-E375-4E46-A296-46623D968086}"
EndProject
Project("{FAE04EC0-301F-11D3-BF4B-00C04F79EFBC}") = "Consumers", "Src\Domain\Consumers\Consumers.csproj", "{3C7B4266-BC89-4742-96DB-3ED04847E3F4}"
EndProject
Project("{FAE04EC0-301F-11D3-BF4B-00C04F79EFBC}") = "Contracts", "Src\Domain\Contracts\Contracts.csproj", "{294ABA19-9018-474A-A01A-54A3A8BDE7A1}"
EndProject
Project("{FAE04EC0-301F-11D3-BF4B-00C04F79EFBC}") = "Entities", "Src\Domain\Entities\Entities.csproj", "{A6C56353-C2D1-40A5-AF30-E5B97D5907A9}"
EndProject
Project("{FAE04EC0-301F-11D3-BF4B-00C04F79EFBC}") = "Events", "Src\Domain\Events\Events.csproj", "{B7C7005A-24EB-4732-B714-0B0051D4AFB3}"
EndProject
Project("{FAE04EC0-301F-11D3-BF4B-00C04F79EFBC}") = "Repositories", "Src\Domain\Repositories\Repositories.csproj", "{CA236CB4-EB90-4B7A-96B5-C9C148966FAE}"
EndProject
Project("{FAE04EC0-301F-11D3-BF4B-00C04F79EFBC}") = "Consumers", "Src\Infrastructure\Consumers\Consumers.csproj", "{34F89C1A-B334-402E-AF2A-347055AD5283}"
EndProject
Project("{FAE04EC0-301F-11D3-BF4B-00C04F79EFBC}") = "Framework", "Src\Infrastructure\Framework\Framework.csproj", "{1048A2C3-568B-42D6-97AF-202258050907}"
EndProject
Project("{FAE04EC0-301F-11D3-BF4B-00C04F79EFBC}") = "Models", "Src\Infrastructure\Models\Models.csproj", "{4233851B-9F81-4A9F-992A-1F987EAD72D6}"
EndProject
Project("{FAE04EC0-301F-11D3-BF4B-00C04F79EFBC}") = "Repositories", "Src\Infrastructure\Repositories\Repositories.csproj", "{6D667F9A-2343-412C-8617-2D29B6DFB1F3}"
EndProject
Project("{FAE04EC0-301F-11D3-BF4B-00C04F79EFBC}") = "Contexts", "Src\Infrastructure\Contexts\Contexts.csproj", "{D51A91D7-4BC0-4478-9CD2-C0193D5E2C1A}"
EndProject
Project("{FAE04EC0-301F-11D3-BF4B-00C04F79EFBC}") = "ExternalServices", "Src\Infrastructure\ExternalServices\ExternalServices.csproj", "{CBFED8AE-773A-4574-99C1-C4E37137C6CA}"
EndProject
Project("{FAE04EC0-301F-11D3-BF4B-00C04F79EFBC}") = "ClientWebApi", "Src\Presentation\ClientWebApi\ClientWebApi.csproj", "{B838EAA2-2411-4109-94CF-1F99BD704A39}"
EndProject
Global
	GlobalSection(SolutionConfigurationPlatforms) = preSolution
		Debug|Any CPU = Debug|Any CPU
		Release|Any CPU = Release|Any CPU
	EndGlobalSection
	GlobalSection(NestedProjects) = preSolution
		{F84C930F-ECF2-48BB-BF79-8784C79BF9A0} = {0A7BFFB9-EE87-4C82-9EEF-A6233EF223CC}
		{6C8E1121-657A-4A6E-BE93-830E8D7CE104} = {0A7BFFB9-EE87-4C82-9EEF-A6233EF223CC}
		{269B7D49-9271-44D3-819E-0638F974B5AF} = {6E0B19D7-597C-486B-8709-6260F3EA0856}
		{46F98E75-AD4F-49E0-9EAC-6B25200708FB} = {269B7D49-9271-44D3-819E-0638F974B5AF}
		{D42233BE-70EA-45F4-98A0-D80356401BFA} = {269B7D49-9271-44D3-819E-0638F974B5AF}
		{FA68FB3F-C8CA-469B-B139-B1DD342C4716} = {269B7D49-9271-44D3-819E-0638F974B5AF}
		{6D70CF9D-2C2F-45A0-A47F-CBA9A2A76424} = {269B7D49-9271-44D3-819E-0638F974B5AF}
		{42D86A03-4419-4CF4-A622-98C93ADCF7A6} = {269B7D49-9271-44D3-819E-0638F974B5AF}
		{4C6C0210-389E-43C6-9918-BDA27663A21B} = {269B7D49-9271-44D3-819E-0638F974B5AF}
		{B5FC8049-B590-415F-846D-37C63C384666} = {42D86A03-4419-4CF4-A622-98C93ADCF7A6}
		{81841855-6855-4110-8285-C7CDE7756637} = {46F98E75-AD4F-49E0-9EAC-6B25200708FB}
		{97F9CCCC-0F9B-44F7-B7AF-3F194F68EE13} = {46F98E75-AD4F-49E0-9EAC-6B25200708FB}
		{FCC52A67-E583-4938-B2FF-83A0ED54D1E0} = {46F98E75-AD4F-49E0-9EAC-6B25200708FB}
		{94FA0904-C268-42DC-B202-2FC11DAAF581} = {F84C930F-ECF2-48BB-BF79-8784C79BF9A0}
		{B3E08213-63FD-4EA6-ABB1-F663AE491BA9} = {269B7D49-9271-44D3-819E-0638F974B5AF}
		{23BAAC9B-E6AD-4467-B23F-1CAAA7CBDDDD} = {FCC52A67-E583-4938-B2FF-83A0ED54D1E0}
		{1FBABF07-4B7E-4AA2-8506-23BDE6306B0D} = {FCC52A67-E583-4938-B2FF-83A0ED54D1E0}
		{9D143114-F9FA-4AF0-83EB-96747F1AF28B} = {B71F8BC2-71ED-40A1-97C5-6C502DCB1DDF}
		{65B8F149-39F3-43B6-8E68-87D3187A5796} = {B71F8BC2-71ED-40A1-97C5-6C502DCB1DDF}
		{CA5AA232-E93E-4C67-BF54-836229B8A3DC} = {B71F8BC2-71ED-40A1-97C5-6C502DCB1DDF}
		{F418C140-ECF3-453D-A60A-94388F6CCE7F} = {B71F8BC2-71ED-40A1-97C5-6C502DCB1DDF}
		{C0C980E5-199C-4836-B4D4-1D0E09649FC4} = {9D143114-F9FA-4AF0-83EB-96747F1AF28B}
		{CCAD5F84-1CDF-4E8E-9AFC-0BEB3D048931} = {9D143114-F9FA-4AF0-83EB-96747F1AF28B}
		{68CBA748-7D9D-4345-9C74-51B595B3F59D} = {CA5AA232-E93E-4C67-BF54-836229B8A3DC}
		{5E00B6A7-9D2A-49AA-9716-B23BBC9CB6C2} = {CA5AA232-E93E-4C67-BF54-836229B8A3DC}
		{80957159-A640-4479-8F97-797450B5C969} = {CA5AA232-E93E-4C67-BF54-836229B8A3DC}
		{70ECDA44-E375-4E46-A296-46623D968086} = {CA5AA232-E93E-4C67-BF54-836229B8A3DC}
		{3C7B4266-BC89-4742-96DB-3ED04847E3F4} = {CA5AA232-E93E-4C67-BF54-836229B8A3DC}
		{294ABA19-9018-474A-A01A-54A3A8BDE7A1} = {CA5AA232-E93E-4C67-BF54-836229B8A3DC}
		{A6C56353-C2D1-40A5-AF30-E5B97D5907A9} = {CA5AA232-E93E-4C67-BF54-836229B8A3DC}
		{B7C7005A-24EB-4732-B714-0B0051D4AFB3} = {CA5AA232-E93E-4C67-BF54-836229B8A3DC}
		{CA236CB4-EB90-4B7A-96B5-C9C148966FAE} = {CA5AA232-E93E-4C67-BF54-836229B8A3DC}
		{34F89C1A-B334-402E-AF2A-347055AD5283} = {65B8F149-39F3-43B6-8E68-87D3187A5796}
		{1048A2C3-568B-42D6-97AF-202258050907} = {65B8F149-39F3-43B6-8E68-87D3187A5796}
		{4233851B-9F81-4A9F-992A-1F987EAD72D6} = {65B8F149-39F3-43B6-8E68-87D3187A5796}
		{6D667F9A-2343-412C-8617-2D29B6DFB1F3} = {65B8F149-39F3-43B6-8E68-87D3187A5796}
		{D51A91D7-4BC0-4478-9CD2-C0193D5E2C1A} = {65B8F149-39F3-43B6-8E68-87D3187A5796}
		{CBFED8AE-773A-4574-99C1-C4E37137C6CA} = {65B8F149-39F3-43B6-8E68-87D3187A5796}
		{B838EAA2-2411-4109-94CF-1F99BD704A39} = {F418C140-ECF3-453D-A60A-94388F6CCE7F}
	EndGlobalSection
	GlobalSection(ProjectConfigurationPlatforms) = postSolution
		{C0C980E5-199C-4836-B4D4-1D0E09649FC4}.Debug|Any CPU.ActiveCfg = Debug|Any CPU
		{C0C980E5-199C-4836-B4D4-1D0E09649FC4}.Debug|Any CPU.Build.0 = Debug|Any CPU
		{C0C980E5-199C-4836-B4D4-1D0E09649FC4}.Release|Any CPU.ActiveCfg = Release|Any CPU
		{C0C980E5-199C-4836-B4D4-1D0E09649FC4}.Release|Any CPU.Build.0 = Release|Any CPU
		{CCAD5F84-1CDF-4E8E-9AFC-0BEB3D048931}.Debug|Any CPU.ActiveCfg = Debug|Any CPU
		{CCAD5F84-1CDF-4E8E-9AFC-0BEB3D048931}.Debug|Any CPU.Build.0 = Debug|Any CPU
		{CCAD5F84-1CDF-4E8E-9AFC-0BEB3D048931}.Release|Any CPU.ActiveCfg = Release|Any CPU
		{CCAD5F84-1CDF-4E8E-9AFC-0BEB3D048931}.Release|Any CPU.Build.0 = Release|Any CPU
		{68CBA748-7D9D-4345-9C74-51B595B3F59D}.Debug|Any CPU.ActiveCfg = Debug|Any CPU
		{68CBA748-7D9D-4345-9C74-51B595B3F59D}.Debug|Any CPU.Build.0 = Debug|Any CPU
		{68CBA748-7D9D-4345-9C74-51B595B3F59D}.Release|Any CPU.ActiveCfg = Release|Any CPU
		{68CBA748-7D9D-4345-9C74-51B595B3F59D}.Release|Any CPU.Build.0 = Release|Any CPU
		{5E00B6A7-9D2A-49AA-9716-B23BBC9CB6C2}.Debug|Any CPU.ActiveCfg = Debug|Any CPU
		{5E00B6A7-9D2A-49AA-9716-B23BBC9CB6C2}.Debug|Any CPU.Build.0 = Debug|Any CPU
		{5E00B6A7-9D2A-49AA-9716-B23BBC9CB6C2}.Release|Any CPU.ActiveCfg = Release|Any CPU
		{5E00B6A7-9D2A-49AA-9716-B23BBC9CB6C2}.Release|Any CPU.Build.0 = Release|Any CPU
		{80957159-A640-4479-8F97-797450B5C969}.Debug|Any CPU.ActiveCfg = Debug|Any CPU
		{80957159-A640-4479-8F97-797450B5C969}.Debug|Any CPU.Build.0 = Debug|Any CPU
		{80957159-A640-4479-8F97-797450B5C969}.Release|Any CPU.ActiveCfg = Release|Any CPU
		{80957159-A640-4479-8F97-797450B5C969}.Release|Any CPU.Build.0 = Release|Any CPU
		{70ECDA44-E375-4E46-A296-46623D968086}.Debug|Any CPU.ActiveCfg = Debug|Any CPU
		{70ECDA44-E375-4E46-A296-46623D968086}.Debug|Any CPU.Build.0 = Debug|Any CPU
		{70ECDA44-E375-4E46-A296-46623D968086}.Release|Any CPU.ActiveCfg = Release|Any CPU
		{70ECDA44-E375-4E46-A296-46623D968086}.Release|Any CPU.Build.0 = Release|Any CPU
		{3C7B4266-BC89-4742-96DB-3ED04847E3F4}.Debug|Any CPU.ActiveCfg = Debug|Any CPU
		{3C7B4266-BC89-4742-96DB-3ED04847E3F4}.Debug|Any CPU.Build.0 = Debug|Any CPU
		{3C7B4266-BC89-4742-96DB-3ED04847E3F4}.Release|Any CPU.ActiveCfg = Release|Any CPU
		{3C7B4266-BC89-4742-96DB-3ED04847E3F4}.Release|Any CPU.Build.0 = Release|Any CPU
		{294ABA19-9018-474A-A01A-54A3A8BDE7A1}.Debug|Any CPU.ActiveCfg = Debug|Any CPU
		{294ABA19-9018-474A-A01A-54A3A8BDE7A1}.Debug|Any CPU.Build.0 = Debug|Any CPU
		{294ABA19-9018-474A-A01A-54A3A8BDE7A1}.Release|Any CPU.ActiveCfg = Release|Any CPU
		{294ABA19-9018-474A-A01A-54A3A8BDE7A1}.Release|Any CPU.Build.0 = Release|Any CPU
		{A6C56353-C2D1-40A5-AF30-E5B97D5907A9}.Debug|Any CPU.ActiveCfg = Debug|Any CPU
		{A6C56353-C2D1-40A5-AF30-E5B97D5907A9}.Debug|Any CPU.Build.0 = Debug|Any CPU
		{A6C56353-C2D1-40A5-AF30-E5B97D5907A9}.Release|Any CPU.ActiveCfg = Release|Any CPU
		{A6C56353-C2D1-40A5-AF30-E5B97D5907A9}.Release|Any CPU.Build.0 = Release|Any CPU
		{B7C7005A-24EB-4732-B714-0B0051D4AFB3}.Debug|Any CPU.ActiveCfg = Debug|Any CPU
		{B7C7005A-24EB-4732-B714-0B0051D4AFB3}.Debug|Any CPU.Build.0 = Debug|Any CPU
		{B7C7005A-24EB-4732-B714-0B0051D4AFB3}.Release|Any CPU.ActiveCfg = Release|Any CPU
		{B7C7005A-24EB-4732-B714-0B0051D4AFB3}.Release|Any CPU.Build.0 = Release|Any CPU
		{CA236CB4-EB90-4B7A-96B5-C9C148966FAE}.Debug|Any CPU.ActiveCfg = Debug|Any CPU
		{CA236CB4-EB90-4B7A-96B5-C9C148966FAE}.Debug|Any CPU.Build.0 = Debug|Any CPU
		{CA236CB4-EB90-4B7A-96B5-C9C148966FAE}.Release|Any CPU.ActiveCfg = Release|Any CPU
		{CA236CB4-EB90-4B7A-96B5-C9C148966FAE}.Release|Any CPU.Build.0 = Release|Any CPU
		{34F89C1A-B334-402E-AF2A-347055AD5283}.Debug|Any CPU.ActiveCfg = Debug|Any CPU
		{34F89C1A-B334-402E-AF2A-347055AD5283}.Debug|Any CPU.Build.0 = Debug|Any CPU
		{34F89C1A-B334-402E-AF2A-347055AD5283}.Release|Any CPU.ActiveCfg = Release|Any CPU
		{34F89C1A-B334-402E-AF2A-347055AD5283}.Release|Any CPU.Build.0 = Release|Any CPU
		{1048A2C3-568B-42D6-97AF-202258050907}.Debug|Any CPU.ActiveCfg = Debug|Any CPU
		{1048A2C3-568B-42D6-97AF-202258050907}.Debug|Any CPU.Build.0 = Debug|Any CPU
		{1048A2C3-568B-42D6-97AF-202258050907}.Release|Any CPU.ActiveCfg = Release|Any CPU
		{1048A2C3-568B-42D6-97AF-202258050907}.Release|Any CPU.Build.0 = Release|Any CPU
		{4233851B-9F81-4A9F-992A-1F987EAD72D6}.Debug|Any CPU.ActiveCfg = Debug|Any CPU
		{4233851B-9F81-4A9F-992A-1F987EAD72D6}.Debug|Any CPU.Build.0 = Debug|Any CPU
		{4233851B-9F81-4A9F-992A-1F987EAD72D6}.Release|Any CPU.ActiveCfg = Release|Any CPU
		{4233851B-9F81-4A9F-992A-1F987EAD72D6}.Release|Any CPU.Build.0 = Release|Any CPU
		{6D667F9A-2343-412C-8617-2D29B6DFB1F3}.Debug|Any CPU.ActiveCfg = Debug|Any CPU
		{6D667F9A-2343-412C-8617-2D29B6DFB1F3}.Debug|Any CPU.Build.0 = Debug|Any CPU
		{6D667F9A-2343-412C-8617-2D29B6DFB1F3}.Release|Any CPU.ActiveCfg = Release|Any CPU
		{6D667F9A-2343-412C-8617-2D29B6DFB1F3}.Release|Any CPU.Build.0 = Release|Any CPU
		{D51A91D7-4BC0-4478-9CD2-C0193D5E2C1A}.Debug|Any CPU.ActiveCfg = Debug|Any CPU
		{D51A91D7-4BC0-4478-9CD2-C0193D5E2C1A}.Debug|Any CPU.Build.0 = Debug|Any CPU
		{D51A91D7-4BC0-4478-9CD2-C0193D5E2C1A}.Release|Any CPU.ActiveCfg = Release|Any CPU
		{D51A91D7-4BC0-4478-9CD2-C0193D5E2C1A}.Release|Any CPU.Build.0 = Release|Any CPU
		{CBFED8AE-773A-4574-99C1-C4E37137C6CA}.Debug|Any CPU.ActiveCfg = Debug|Any CPU
		{CBFED8AE-773A-4574-99C1-C4E37137C6CA}.Debug|Any CPU.Build.0 = Debug|Any CPU
		{CBFED8AE-773A-4574-99C1-C4E37137C6CA}.Release|Any CPU.ActiveCfg = Release|Any CPU
		{CBFED8AE-773A-4574-99C1-C4E37137C6CA}.Release|Any CPU.Build.0 = Release|Any CPU
		{B838EAA2-2411-4109-94CF-1F99BD704A39}.Debug|Any CPU.ActiveCfg = Debug|Any CPU
		{B838EAA2-2411-4109-94CF-1F99BD704A39}.Debug|Any CPU.Build.0 = Debug|Any CPU
		{B838EAA2-2411-4109-94CF-1F99BD704A39}.Release|Any CPU.ActiveCfg = Release|Any CPU
		{B838EAA2-2411-4109-94CF-1F99BD704A39}.Release|Any CPU.Build.0 = Release|Any CPU
	EndGlobalSection
EndGlobal
